
Microsoft Visual Studio Solution File, Format Version 12.00
# Visual Studio Version 17
VisualStudioVersion = 17.4.33205.214
MinimumVisualStudioVersion = 10.0.40219.1
Project("{FAE04EC0-301F-11D3-BF4B-00C04F79EFBC}") = "antDCVRP", "antDCVRP.csproj", "{2B8ED4D7-B06A-4E8B-8F17-EE5CAFBBDA0C}"
EndProject
Global
	GlobalSection(SolutionConfigurationPlatforms) = preSolution
		Debug|Any CPU = Debug|Any CPU
		Release|Any CPU = Release|Any CPU
	EndGlobalSection
	GlobalSection(ProjectConfigurationPlatforms) = postSolution
		{2B8ED4D7-B06A-4E8B-8F17-EE5CAFBBDA0C}.Debug|Any CPU.ActiveCfg = Debug|Any CPU
		{2B8ED4D7-B06A-4E8B-8F17-EE5CAFBBDA0C}.Debug|Any CPU.Build.0 = Debug|Any CPU
		{2B8ED4D7-B06A-4E8B-8F17-EE5CAFBBDA0C}.Release|Any CPU.ActiveCfg = Release|Any CPU
		{2B8ED4D7-B06A-4E8B-8F17-EE5CAFBBDA0C}.Release|Any CPU.Build.0 = Release|Any CPU
	EndGlobalSection
	GlobalSection(SolutionProperties) = preSolution
		HideSolutionNode = FALSE
	EndGlobalSection
	GlobalSection(ExtensibilityGlobals) = postSolution
		SolutionGuid = {7C1BC4D5-CC4E-413E-AB55-AAB333795BD4}
	EndGlobalSection
EndGlobal
